<?xml version="1.0" encoding="utf-8"?>
<Project ToolsVersion="4.0" xmlns="http://schemas.microsoft.com/developer/msbuild/2003">
  <ItemGroup>
    <Filter Include="Source Files">
      <UniqueIdentifier>{4FC737F1-C7A5-4376-A066-2A32D752A2FF}</UniqueIdentifier>
      <Extensions>cpp;c;cc;cxx;c++;cppm;ixx;def;odl;idl;hpj;bat;asm;asmx</Extensions>
    </Filter>
    <Filter Include="Header Files">
      <UniqueIdentifier>{93995380-89BD-4b04-88EB-625FBE52EBFB}</UniqueIdentifier>
      <Extensions>h;hh;hpp;hxx;h++;hm;inl;inc;ipp;xsd</Extensions>
    </Filter>
    <Filter Include="Resource Files">
      <UniqueIdentifier>{67DA6AB6-F800-4c08-8B7A-83BB121AAD01}</UniqueIdentifier>
      <Extensions>rc;ico;cur;bmp;dlg;rc2;rct;bin;rgs;gif;jpg;jpeg;jpe;resx;tiff;tif;png;wav;mfcribbon-ms</Extensions>
    </Filter>
  </ItemGroup>
  <ItemGroup>
    <ClCompile Include="source\engine\Main.cpp">
      <Filter>Source Files</Filter>
    </ClCompile>
    <ClCompile Include="source\engine\BitBoardsSet.cpp">
      <Filter>Source Files</Filter>
    </ClCompile>
    <ClCompile Include="source\engine\MoveGeneration.cpp">
      <Filter>Source Files</Filter>
    </ClCompile>
    <ClCompile Include="source\engine\MagicBitBoards.cpp">
      <Filter>Source Files</Filter>
    </ClCompile>
    <ClCompile Include="source\engine\LegalityTest.cpp">
      <Filter>Source Files</Filter>
    </ClCompile>
    <ClCompile Include="source\engine\Search.cpp">
      <Filter>Source Files</Filter>
    </ClCompile>
    <ClCompile Include="source\engine\Evaluation.cpp">
      <Filter>Source Files</Filter>
    </ClCompile>
    <ClCompile Include="source\engine\UCI.cpp">
      <Filter>Source Files</Filter>
    </ClCompile>
    <ClCompile Include="source\engine\MoveItem.cpp">
      <Filter>Source Files</Filter>
    </ClCompile>
    <ClCompile Include="source\engine\MoveOrder.cpp">
      <Filter>Source Files</Filter>
    </ClCompile>
    <ClCompile Include="source\engine\staticLookup.h">
      <Filter>Source Files</Filter>
    </ClCompile>
    <ClCompile Include="source\engine\Zobrist.cpp">
      <Filter>Source Files</Filter>
    </ClCompile>
    <ClCompile Include="source\tuning\TexelTuning.cpp">
      <Filter>Source Files</Filter>
    </ClCompile>
  </ItemGroup>
  <ItemGroup>
    <ClInclude Include="source\engine\BitBoard.h">
      <Filter>Header Files</Filter>
    </ClInclude>
    <ClInclude Include="source\engine\MoveSystem.h">
      <Filter>Header Files</Filter>
    </ClInclude>
    <ClInclude Include="source\engine\AttackTables.h">
      <Filter>Header Files</Filter>
    </ClInclude>
    <ClInclude Include="source\engine\MagicBitBoards.h">
      <Filter>Header Files</Filter>
    </ClInclude>
    <ClInclude Include="source\engine\GeneratingMagics.h">
      <Filter>Header Files</Filter>
    </ClInclude>
    <ClInclude Include="source\engine\BitBoardsSet.h">
      <Filter>Header Files</Filter>
    </ClInclude>
    <ClInclude Include="source\engine\LegalityTest.h">
      <Filter>Header Files</Filter>
    </ClInclude>
    <ClInclude Include="source\engine\MoveGeneration.h">
      <Filter>Header Files</Filter>
    </ClInclude>
    <ClInclude Include="source\engine\static.h">
      <Filter>Header Files</Filter>
    </ClInclude>
    <ClInclude Include="source\engine\MoveItem.h">
      <Filter>Header Files</Filter>
    </ClInclude>
    <ClInclude Include="source\engine\Timer.h">
      <Filter>Header Files</Filter>
    </ClInclude>
    <ClInclude Include="source\engine\Search.h">
      <Filter>Header Files</Filter>
    </ClInclude>
    <ClInclude Include="source\engine\Evaluation.h">
      <Filter>Header Files</Filter>
    </ClInclude>
    <ClInclude Include="source\engine\UCI.h">
      <Filter>Header Files</Filter>
    </ClInclude>
    <ClInclude Include="source\engine\MoveOrder.h">
      <Filter>Header Files</Filter>
    </ClInclude>
    <ClInclude Include="source\engine\SearchBenchmark.h">
      <Filter>Header Files</Filter>
    </ClInclude>
    <ClInclude Include="source\engine\Zobrist.h">
      <Filter>Header Files</Filter>
    </ClInclude>
    <ClInclude Include="source\tuning\TexelTuning.h">
      <Filter>Header Files</Filter>
    </ClInclude>
  </ItemGroup>
  <ItemGroup>
    <None Include="LICENSE.md" />
  </ItemGroup>
  <ItemGroup>
    <Text Include="source\data\TuningData.txt" />
  </ItemGroup>
</Project>